
Microsoft Visual Studio Solution File, Format Version 12.00
# Visual Studio Version 17
VisualStudioVersion = 17.5.33516.290
MinimumVisualStudioVersion = 10.0.40219.1
Project("{FAE04EC0-301F-11D3-BF4B-00C04F79EFBC}") = "Exercises Selenium Web Driver", "Exercises Selenium Web Driver\Exercises Selenium Web Driver.csproj", "{44370BFC-1196-40FE-A655-6F2664B401B6}"
EndProject
Global
	GlobalSection(SolutionConfigurationPlatforms) = preSolution
		Debug|Any CPU = Debug|Any CPU
		Release|Any CPU = Release|Any CPU
	EndGlobalSection
	GlobalSection(ProjectConfigurationPlatforms) = postSolution
		{44370BFC-1196-40FE-A655-6F2664B401B6}.Debug|Any CPU.ActiveCfg = Debug|Any CPU
		{44370BFC-1196-40FE-A655-6F2664B401B6}.Debug|Any CPU.Build.0 = Debug|Any CPU
		{44370BFC-1196-40FE-A655-6F2664B401B6}.Release|Any CPU.ActiveCfg = Release|Any CPU
		{44370BFC-1196-40FE-A655-6F2664B401B6}.Release|Any CPU.Build.0 = Release|Any CPU
	EndGlobalSection
	GlobalSection(SolutionProperties) = preSolution
		HideSolutionNode = FALSE
	EndGlobalSection
	GlobalSection(ExtensibilityGlobals) = postSolution
		SolutionGuid = {98C602AA-2DCE-4FDD-AE72-8B934F467BF6}
	EndGlobalSection
EndGlobal
