
Microsoft Visual Studio Solution File, Format Version 12.00
# Visual Studio Version 17
VisualStudioVersion = 17.5.33516.290
MinimumVisualStudioVersion = 10.0.40219.1
Project("{FAE04EC0-301F-11D3-BF4B-00C04F79EFBC}") = "Selenium Demo", "Selenium Demo\Selenium Demo.csproj", "{0FEB8967-F4D4-4723-842F-2A1436DFDB0D}"
EndProject
Global
	GlobalSection(SolutionConfigurationPlatforms) = preSolution
		Debug|Any CPU = Debug|Any CPU
		Release|Any CPU = Release|Any CPU
	EndGlobalSection
	GlobalSection(ProjectConfigurationPlatforms) = postSolution
		{0FEB8967-F4D4-4723-842F-2A1436DFDB0D}.Debug|Any CPU.ActiveCfg = Debug|Any CPU
		{0FEB8967-F4D4-4723-842F-2A1436DFDB0D}.Debug|Any CPU.Build.0 = Debug|Any CPU
		{0FEB8967-F4D4-4723-842F-2A1436DFDB0D}.Release|Any CPU.ActiveCfg = Release|Any CPU
		{0FEB8967-F4D4-4723-842F-2A1436DFDB0D}.Release|Any CPU.Build.0 = Release|Any CPU
	EndGlobalSection
	GlobalSection(SolutionProperties) = preSolution
		HideSolutionNode = FALSE
	EndGlobalSection
	GlobalSection(ExtensibilityGlobals) = postSolution
		SolutionGuid = {C6B857F7-3103-41FB-8A76-B154160F7B46}
	EndGlobalSection
EndGlobal
