
Microsoft Visual Studio Solution File, Format Version 12.00
# Visual Studio Version 17
VisualStudioVersion = 17.5.33424.131
MinimumVisualStudioVersion = 10.0.40219.1
Project("{FAE04EC0-301F-11D3-BF4B-00C04F79EFBC}") = "AppiumDesktopSummator", "AppiumDesktopDemo\AppiumDesktopSummator.csproj", "{AC590A79-ABC7-4EC0-8A3C-49B8CF00683D}"
EndProject
Project("{FAE04EC0-301F-11D3-BF4B-00C04F79EFBC}") = "AppiumDesktopSummatorPOM", "AppiumDesktopSummatorPOM\AppiumDesktopSummatorPOM.csproj", "{5DC84110-0D66-4B57-B501-945CD187F967}"
EndProject
Global
	GlobalSection(SolutionConfigurationPlatforms) = preSolution
		Debug|Any CPU = Debug|Any CPU
		Release|Any CPU = Release|Any CPU
	EndGlobalSection
	GlobalSection(ProjectConfigurationPlatforms) = postSolution
		{AC590A79-ABC7-4EC0-8A3C-49B8CF00683D}.Debug|Any CPU.ActiveCfg = Debug|Any CPU
		{AC590A79-ABC7-4EC0-8A3C-49B8CF00683D}.Debug|Any CPU.Build.0 = Debug|Any CPU
		{AC590A79-ABC7-4EC0-8A3C-49B8CF00683D}.Release|Any CPU.ActiveCfg = Release|Any CPU
		{AC590A79-ABC7-4EC0-8A3C-49B8CF00683D}.Release|Any CPU.Build.0 = Release|Any CPU
		{5DC84110-0D66-4B57-B501-945CD187F967}.Debug|Any CPU.ActiveCfg = Debug|Any CPU
		{5DC84110-0D66-4B57-B501-945CD187F967}.Debug|Any CPU.Build.0 = Debug|Any CPU
		{5DC84110-0D66-4B57-B501-945CD187F967}.Release|Any CPU.ActiveCfg = Release|Any CPU
		{5DC84110-0D66-4B57-B501-945CD187F967}.Release|Any CPU.Build.0 = Release|Any CPU
	EndGlobalSection
	GlobalSection(SolutionProperties) = preSolution
		HideSolutionNode = FALSE
	EndGlobalSection
	GlobalSection(ExtensibilityGlobals) = postSolution
		SolutionGuid = {A4CBCCD0-8D82-4D7E-A867-42481CC2523C}
	EndGlobalSection
EndGlobal
