
Microsoft Visual Studio Solution File, Format Version 12.00
# Visual Studio Version 17
VisualStudioVersion = 17.5.33516.290
MinimumVisualStudioVersion = 10.0.40219.1
Project("{FAE04EC0-301F-11D3-BF4B-00C04F79EFBC}") = "SummatorOfNumbers", "SummatorOfNumbers\SummatorOfNumbers.csproj", "{9F00BCF7-49FE-474D-8E5E-0147BEB2DA48}"
EndProject
Global
	GlobalSection(SolutionConfigurationPlatforms) = preSolution
		Debug|Any CPU = Debug|Any CPU
		Release|Any CPU = Release|Any CPU
	EndGlobalSection
	GlobalSection(ProjectConfigurationPlatforms) = postSolution
		{9F00BCF7-49FE-474D-8E5E-0147BEB2DA48}.Debug|Any CPU.ActiveCfg = Debug|Any CPU
		{9F00BCF7-49FE-474D-8E5E-0147BEB2DA48}.Debug|Any CPU.Build.0 = Debug|Any CPU
		{9F00BCF7-49FE-474D-8E5E-0147BEB2DA48}.Release|Any CPU.ActiveCfg = Release|Any CPU
		{9F00BCF7-49FE-474D-8E5E-0147BEB2DA48}.Release|Any CPU.Build.0 = Release|Any CPU
	EndGlobalSection
	GlobalSection(SolutionProperties) = preSolution
		HideSolutionNode = FALSE
	EndGlobalSection
	GlobalSection(ExtensibilityGlobals) = postSolution
		SolutionGuid = {487E6532-D6EA-4241-B4F3-13024CA135C7}
	EndGlobalSection
EndGlobal
